{
  "name": "v7-maps",
  "version": "1.0.0",
  "lockfileVersion": 1,
  "requires": true,
  "dependencies": {
    "apple-mapkit-js": {
      "version": "6.0.1",
      "resolved": "https://registry.npmjs.org/apple-mapkit-js/-/apple-mapkit-js-6.0.1.tgz",
      "integrity": "sha512-N7y/zqK5fMKkbgWCIXOTTOw3XFkKH67Heq3O8BhZXibjK9QsvVpRVIP90S26poPPkPmiETqVkQ7UA8dW+wc6WQ=="
    },
    "backbone": {
      "version": "1.3.3",
      "resolved": "https://registry.npmjs.org/backbone/-/backbone-1.3.3.tgz",
      "integrity": "sha1-TMgOp8sWMaxHSInOQPL4vGg7KZk=",
      "requires": {
        "underscore": ">=1.8.3"
      }
    },
    "cavalion-blocks": {
      "version": "0.8.2",
      "resolved": "https://registry.npmjs.org/cavalion-blocks/-/cavalion-blocks-0.8.2.tgz",
      "integrity": "sha512-pnd0ulzQPTeZ3f2OlSDnwpuPAqWl/C9VHq0L/0DDzGw2T4ypT/gFdvXE488jJGRfnkL8NtCh4n0wnFPpYC9JfA=="
    },
    "cavalion-js": {
      "version": "1.0.6",
      "resolved": "https://registry.npmjs.org/cavalion-js/-/cavalion-js-1.0.6.tgz",
      "integrity": "sha512-rixORAs0yuRQiv43PoIiqsvCjseNlHImX8gBQLxreFTZS1T/y6oNmEkxxa/Aw8LcOVUMdw+pGiC49aouv+442A=="
    },
    "cavalion-vcl": {
      "version": "1.0.10",
      "resolved": "https://registry.npmjs.org/cavalion-vcl/-/cavalion-vcl-1.0.10.tgz",
      "integrity": "sha512-qIsqM7SLA7Nb2aP7nrEcFVgQRj3PJPcBtU6klc6KVzIVtkKtMK0Iwfdfsbn6LUsXwg8kDiixn1yiRGogkxSbpg==",
      "requires": {
        "cavalion-js": "^1.0.2"
      }
    },
    "convexhull-js": {
      "version": "1.0.0",
      "resolved": "https://registry.npmjs.org/convexhull-js/-/convexhull-js-1.0.0.tgz",
      "integrity": "sha1-59et6JIO3cne1frC8wMYMoJj4C0="
    },
    "dom7": {
      "version": "2.0.7",
      "resolved": "https://registry.npmjs.org/dom7/-/dom7-2.0.7.tgz",
      "integrity": "sha512-1M6HYWK1NZR3JyrRYy1JjFc0U+eB+OqzPjeAB05TlY87RDo1XJHS1NdUoNGPwDfZqKyCRTO4NkyCosUsyLiKGQ==",
      "requires": {
        "ssr-window": "^1.0.0"
      }
    },
    "font-awesome": {
      "version": "4.7.0",
      "resolved": "https://registry.npmjs.org/font-awesome/-/font-awesome-4.7.0.tgz",
      "integrity": "sha1-j6jPBBGhoxr9B7BtKQK7n8gVoTM="
    },
    "framework7": {
      "version": "3.1.1",
      "resolved": "https://registry.npmjs.org/framework7/-/framework7-3.1.1.tgz",
      "integrity": "sha512-e7oRPBwEWtIIABaLgos6C4W1rYE2Tk6S2A2SzaODIyxadpZ/yEDVFIc2rJQTfa++b2G7yEtj8CwkgIQdzrfYvA==",
      "requires": {
        "dom7": "^2.0.7",
        "path-to-regexp": "^2.2.1",
        "ssr-window": "^1.0.1",
        "template7": "^1.3.8"
      }
    },
    "framework7-icons": {
      "version": "0.9.1",
      "resolved": "https://registry.npmjs.org/framework7-icons/-/framework7-icons-0.9.1.tgz",
      "integrity": "sha512-UuT5GJJ3ghAT/AnFcBJHpt5re/ps+oM1+B8yUolE+EK+Ftnpw0wyOTZH+aeHR1Wd2fEkDnQUMTyvt19drBqX/g=="
    },
    "framework7-plugin-3d-panels": {
      "version": "2.0.0",
      "resolved": "https://registry.npmjs.org/framework7-plugin-3d-panels/-/framework7-plugin-3d-panels-2.0.0.tgz",
      "integrity": "sha512-ARKD2PB5fgOJQG7Rt2dSe211F14lj7yqi51KwWpN5aHvCWIXFp7k3YiW3kTCaUBXDAxxPtHkkSUNauVkLjv/5g=="
    },
    "jquery": {
      "version": "3.3.1",
      "resolved": "https://registry.npmjs.org/jquery/-/jquery-3.3.1.tgz",
      "integrity": "sha512-Ubldcmxp5np52/ENotGxlLe6aGMvmF4R8S6tZjsP6Knsaxd/xp3Zrh50cG93lR6nPXyUFwzN3ZSOQI0wRJNdGg=="
    },
    "moment": {
      "version": "2.22.2",
      "resolved": "https://registry.npmjs.org/moment/-/moment-2.22.2.tgz",
      "integrity": "sha1-PCV/mDn8DpP/UxSWMiOeuQeD/2Y="
    },
    "path-to-regexp": {
      "version": "2.2.1",
      "resolved": "https://registry.npmjs.org/path-to-regexp/-/path-to-regexp-2.2.1.tgz",
      "integrity": "sha512-gu9bD6Ta5bwGrrU8muHzVOBFFREpp2iRkVfhBJahwJ6p6Xw20SjT0MxLnwkjOibQmGSYhiUnf2FLe7k+jcFmGQ=="
    },
    "requirejs": {
      "version": "2.3.5",
      "resolved": "https://registry.npmjs.org/requirejs/-/requirejs-2.3.5.tgz",
      "integrity": "sha512-svnO+aNcR/an9Dpi44C7KSAy5fFGLtmPbaaCeQaklUz8BQhS64tWWIIlvEA5jrWICzlO/X9KSzSeXFnZdBu8nw=="
    },
    "ssr-window": {
      "version": "1.0.1",
      "resolved": "https://registry.npmjs.org/ssr-window/-/ssr-window-1.0.1.tgz",
      "integrity": "sha512-dgFqB+f00LJTEgb6UXhx0h+SrG50LJvti2yMKMqAgzfUmUXZrLSv2fjULF7AWGwK25EXu8+smLR3jYsJQChPsg=="
    },
    "template7": {
      "version": "1.3.8",
      "resolved": "https://registry.npmjs.org/template7/-/template7-1.3.8.tgz",
      "integrity": "sha512-S6EZNRg21MGuvh7x3Hc1pwf02mq0h2aj29Dqw8zCg+2TRuj+aN7KtYamKMfjMHD0ewz/V0UjmXcTYG1ze8SdpQ=="
    },
    "underscore": {
      "version": "1.9.1",
      "resolved": "https://registry.npmjs.org/underscore/-/underscore-1.9.1.tgz",
      "integrity": "sha512-5/4etnCkd9c8gwgowi5/om/mYO5ajCaOgdzj/oW+0eQV9WxKBDZw5+ycmKmeaTXjInS/W0BzpGLo2xR2aBwZdg=="
    }
  }
}
